
Microsoft Visual Studio Solution File, Format Version 11.00
# Visual Studio 2010
Project("{8BC9CEB8-8B4A-11D0-8D11-00A0C91BC942}") = "VAAR", "VAAR\VAAR.vcxproj", "{853DAF47-56A7-44B2-8AA3-6D7FE9B19F57}"
EndProject
Project("{FAE04EC0-301F-11D3-BF4B-00C04F79EFBC}") = "SWAssemblyDocExtractionApplication", "SWAssemblyDocExtractionApplication\SWAssemblyDocExtractionApplication.csproj", "{6D79B74F-CF8D-4334-B176-AB9D945A97D4}"
EndProject
Project("{8BC9CEB8-8B4A-11D0-8D11-00A0C91BC942}") = "FileReader", "FileReader\FileReader.vcxproj", "{319558EA-1384-44ED-8BB6-C22D9E2C83D8}"
EndProject
Global
	GlobalSection(SubversionScc) = preSolution
		Svn-Managed = True
		Manager = AnkhSVN - Subversion Support for Visual Studio
	EndGlobalSection
	GlobalSection(SolutionConfigurationPlatforms) = preSolution
		Debug|Mixed Platforms = Debug|Mixed Platforms
		Debug|Win32 = Debug|Win32
		Debug|x86 = Debug|x86
		Release|Mixed Platforms = Release|Mixed Platforms
		Release|Win32 = Release|Win32
		Release|x86 = Release|x86
	EndGlobalSection
	GlobalSection(ProjectConfigurationPlatforms) = postSolution
		{853DAF47-56A7-44B2-8AA3-6D7FE9B19F57}.Debug|Mixed Platforms.ActiveCfg = Debug|Win32
		{853DAF47-56A7-44B2-8AA3-6D7FE9B19F57}.Debug|Mixed Platforms.Build.0 = Debug|Win32
		{853DAF47-56A7-44B2-8AA3-6D7FE9B19F57}.Debug|Win32.ActiveCfg = Debug|Win32
		{853DAF47-56A7-44B2-8AA3-6D7FE9B19F57}.Debug|Win32.Build.0 = Debug|Win32
		{853DAF47-56A7-44B2-8AA3-6D7FE9B19F57}.Debug|x86.ActiveCfg = Debug|Win32
		{853DAF47-56A7-44B2-8AA3-6D7FE9B19F57}.Release|Mixed Platforms.ActiveCfg = Release|Win32
		{853DAF47-56A7-44B2-8AA3-6D7FE9B19F57}.Release|Mixed Platforms.Build.0 = Release|Win32
		{853DAF47-56A7-44B2-8AA3-6D7FE9B19F57}.Release|Win32.ActiveCfg = Release|Win32
		{853DAF47-56A7-44B2-8AA3-6D7FE9B19F57}.Release|Win32.Build.0 = Release|Win32
		{853DAF47-56A7-44B2-8AA3-6D7FE9B19F57}.Release|x86.ActiveCfg = Release|Win32
		{6D79B74F-CF8D-4334-B176-AB9D945A97D4}.Debug|Mixed Platforms.ActiveCfg = Debug|x86
		{6D79B74F-CF8D-4334-B176-AB9D945A97D4}.Debug|Mixed Platforms.Build.0 = Debug|x86
		{6D79B74F-CF8D-4334-B176-AB9D945A97D4}.Debug|Win32.ActiveCfg = Debug|x86
		{6D79B74F-CF8D-4334-B176-AB9D945A97D4}.Debug|x86.ActiveCfg = Debug|x86
		{6D79B74F-CF8D-4334-B176-AB9D945A97D4}.Debug|x86.Build.0 = Debug|x86
		{6D79B74F-CF8D-4334-B176-AB9D945A97D4}.Release|Mixed Platforms.ActiveCfg = Release|x86
		{6D79B74F-CF8D-4334-B176-AB9D945A97D4}.Release|Mixed Platforms.Build.0 = Release|x86
		{6D79B74F-CF8D-4334-B176-AB9D945A97D4}.Release|Win32.ActiveCfg = Release|x86
		{6D79B74F-CF8D-4334-B176-AB9D945A97D4}.Release|x86.ActiveCfg = Release|x86
		{6D79B74F-CF8D-4334-B176-AB9D945A97D4}.Release|x86.Build.0 = Release|x86
		{319558EA-1384-44ED-8BB6-C22D9E2C83D8}.Debug|Mixed Platforms.ActiveCfg = Debug|Win32
		{319558EA-1384-44ED-8BB6-C22D9E2C83D8}.Debug|Mixed Platforms.Build.0 = Debug|Win32
		{319558EA-1384-44ED-8BB6-C22D9E2C83D8}.Debug|Win32.ActiveCfg = Debug|Win32
		{319558EA-1384-44ED-8BB6-C22D9E2C83D8}.Debug|Win32.Build.0 = Debug|Win32
		{319558EA-1384-44ED-8BB6-C22D9E2C83D8}.Debug|x86.ActiveCfg = Debug|Win32
		{319558EA-1384-44ED-8BB6-C22D9E2C83D8}.Release|Mixed Platforms.ActiveCfg = Release|Win32
		{319558EA-1384-44ED-8BB6-C22D9E2C83D8}.Release|Mixed Platforms.Build.0 = Release|Win32
		{319558EA-1384-44ED-8BB6-C22D9E2C83D8}.Release|Win32.ActiveCfg = Release|Win32
		{319558EA-1384-44ED-8BB6-C22D9E2C83D8}.Release|Win32.Build.0 = Release|Win32
		{319558EA-1384-44ED-8BB6-C22D9E2C83D8}.Release|x86.ActiveCfg = Release|Win32
	EndGlobalSection
	GlobalSection(SolutionProperties) = preSolution
		HideSolutionNode = FALSE
	EndGlobalSection
EndGlobal
